// !$*UTF8*$!
{
	archiveVersion = 1;
	classes = {
	};
	objectVersion = 46;
	objects = {

/* Begin PBXBuildFile section */
		05F949101CFD8EA100DA8C58 /* main.cpp in Sources */ = {isa = PBXBuildFile; fileRef = 05F9490F1CFD8EA100DA8C58 /* main.cpp */; };
		05F9491B1CFE3D4200DA8C58 /* stack.cpp in Sources */ = {isa = PBXBuildFile; fileRef = 05F949191CFE3D4200DA8C58 /* stack.cpp */; };
		05F9491E1CFE3D5300DA8C58 /* llist.cpp in Sources */ = {isa = PBXBuildFile; fileRef = 05F9491C1CFE3D5300DA8C58 /* llist.cpp */; };
/* End PBXBuildFile section */

/* Begin PBXCopyFilesBuildPhase section */
		05F9490A1CFD8EA000DA8C58 /* CopyFiles */ = {
			isa = PBXCopyFilesBuildPhase;
			buildActionMask = 2147483647;
			dstPath = /usr/share/man/man1/;
			dstSubfolderSpec = 0;
			files = (
			);
			runOnlyForDeploymentPostprocessing = 1;
		};
/* End PBXCopyFilesBuildPhase section */

/* Begin PBXFileReference section */
		05F9490C1CFD8EA100DA8C58 /* LL */ = {isa = PBXFileReference; explicitFileType = "compiled.mach-o.executable"; includeInIndex = 0; path = LL; sourceTree = BUILT_PRODUCTS_DIR; };
		05F9490F1CFD8EA100DA8C58 /* main.cpp */ = {isa = PBXFileReference; lastKnownFileType = sourcecode.cpp.cpp; path = main.cpp; sourceTree = "<group>"; };
		05F949191CFE3D4200DA8C58 /* stack.cpp */ = {isa = PBXFileReference; fileEncoding = 4; lastKnownFileType = sourcecode.cpp.cpp; path = stack.cpp; sourceTree = "<group>"; };
		05F9491A1CFE3D4200DA8C58 /* stack.hpp */ = {isa = PBXFileReference; fileEncoding = 4; lastKnownFileType = sourcecode.cpp.h; path = stack.hpp; sourceTree = "<group>"; };
		05F9491C1CFE3D5300DA8C58 /* llist.cpp */ = {isa = PBXFileReference; fileEncoding = 4; lastKnownFileType = sourcecode.cpp.cpp; path = llist.cpp; sourceTree = "<group>"; };
		05F9491D1CFE3D5300DA8C58 /* llist.hpp */ = {isa = PBXFileReference; fileEncoding = 4; lastKnownFileType = sourcecode.cpp.h; path = llist.hpp; sourceTree = "<group>"; };
/* End PBXFileReference section */

/* Begin PBXFrameworksBuildPhase section */
		05F949091CFD8EA000DA8C58 /* Frameworks */ = {
			isa = PBXFrameworksBuildPhase;
			buildActionMask = 2147483647;
			files = (
			);
			runOnlyForDeploymentPostprocessing = 0;
		};
/* End PBXFrameworksBuildPhase section */

/* Begin PBXGroup section */
		05F949031CFD8EA000DA8C58 = {
			isa = PBXGroup;
			children = (
				05F9490E1CFD8EA100DA8C58 /* LL */,
				05F9490D1CFD8EA100DA8C58 /* Products */,
			);
			sourceTree = "<group>";
		};
		05F9490D1CFD8EA100DA8C58 /* Products */ = {
			isa = PBXGroup;
			children = (
				05F9490C1CFD8EA100DA8C58 /* LL */,
			);
			name = Products;
			sourceTree = "<group>";
		};
		05F9490E1CFD8EA100DA8C58 /* LL */ = {
			isa = PBXGroup;
			children = (
				05F9490F1CFD8EA100DA8C58 /* main.cpp */,
				05F949191CFE3D4200DA8C58 /* stack.cpp */,
				05F9491A1CFE3D4200DA8C58 /* stack.hpp */,
				05F9491C1CFE3D5300DA8C58 /* llist.cpp */,
				05F9491D1CFE3D5300DA8C58 /* llist.hpp */,
			);
			path = LL;
			sourceTree = "<group>";
		};
/* End PBXGroup section */

/* Begin PBXNativeTarget section */
		05F9490B1CFD8EA000DA8C58 /* LL */ = {
			isa = PBXNativeTarget;
			buildConfigurationList = 05F949131CFD8EA100DA8C58 /* Build configuration list for PBXNativeTarget "LL" */;
			buildPhases = (
				05F949081CFD8EA000DA8C58 /* Sources */,
				05F949091CFD8EA000DA8C58 /* Frameworks */,
				05F9490A1CFD8EA000DA8C58 /* CopyFiles */,
			);
			buildRules = (
			);
			dependencies = (
			);
			name = LL;
			productName = LL;
			productReference = 05F9490C1CFD8EA100DA8C58 /* LL */;
			productType = "com.apple.product-type.tool";
		};
/* End PBXNativeTarget section */

/* Begin PBXProject section */
		05F949041CFD8EA000DA8C58 /* Project object */ = {
			isa = PBXProject;
			attributes = {
				LastUpgradeCheck = 0730;
				ORGANIZATIONNAME = freude;
				TargetAttributes = {
					05F9490B1CFD8EA000DA8C58 = {
						CreatedOnToolsVersion = 7.3.1;
					};
				};
			};
			buildConfigurationList = 05F949071CFD8EA000DA8C58 /* Build configuration list for PBXProject "LL" */;
			compatibilityVersion = "Xcode 3.2";
			developmentRegion = English;
			hasScannedForEncodings = 0;
			knownRegions = (
				en,
			);
			mainGroup = 05F949031CFD8EA000DA8C58;
			productRefGroup = 05F9490D1CFD8EA100DA8C58 /* Products */;
			projectDirPath = "";
			projectRoot = "";
			targets = (
				05F9490B1CFD8EA000DA8C58 /* LL */,
			);
		};
/* End PBXProject section */

/* Begin PBXSourcesBuildPhase section */
		05F949081CFD8EA000DA8C58 /* Sources */ = {
			isa = PBXSourcesBuildPhase;
			buildActionMask = 2147483647;
			files = (
				05F949101CFD8EA100DA8C58 /* main.cpp in Sources */,
				05F9491B1CFE3D4200DA8C58 /* stack.cpp in Sources */,
				05F9491E1CFE3D5300DA8C58 /* llist.cpp in Sources */,
			);
			runOnlyForDeploymentPostprocessing = 0;
		};
/* End PBXSourcesBuildPhase section */

/* Begin XCBuildConfiguration section */
		05F949111CFD8EA100DA8C58 /* Debug */ = {
			isa = XCBuildConfiguration;
			buildSettings = {
				ALWAYS_SEARCH_USER_PATHS = NO;
				CLANG_ANALYZER_NONNULL = YES;
				CLANG_CXX_LANGUAGE_STANDARD = "gnu++0x";
				CLANG_CXX_LIBRARY = "libc++";
				CLANG_ENABLE_MODULES = YES;
				CLANG_ENABLE_OBJC_ARC = YES;
				CLANG_WARN_BOOL_CONVERSION = YES;
				CLANG_WARN_CONSTANT_CONVERSION = YES;
				CLANG_WARN_DIRECT_OBJC_ISA_USAGE = YES_ERROR;
				CLANG_WARN_EMPTY_BODY = YES;
				CLANG_WARN_ENUM_CONVERSION = YES;
				CLANG_WARN_INT_CONVERSION = YES;
				CLANG_WARN_OBJC_ROOT_CLASS = YES_ERROR;
				CLANG_WARN_UNREACHABLE_CODE = YES;
				CLANG_WARN__DUPLICATE_METHOD_MATCH = YES;
				CODE_SIGN_IDENTITY = "-";
				COPY_PHASE_STRIP = NO;
				DEBUG_INFORMATION_FORMAT = dwarf;
				ENABLE_STRICT_OBJC_MSGSEND = YES;
				ENABLE_TESTABILITY = YES;
				GCC_C_LANGUAGE_STANDARD = gnu99;
				GCC_DYNAMIC_NO_PIC = NO;
				GCC_NO_COMMON_BLOCKS = YES;
				GCC_OPTIMIZATION_LEVEL = 0;
				GCC_PREPROCESSOR_DEFINITIONS = (
					"DEBUG=1",
					"$(inherited)",
				);
				GCC_WARN_64_TO_32_BIT_CONVERSION = YES;
				GCC_WARN_ABOUT_RETURN_TYPE = YES_ERROR;
				GCC_WARN_UNDECLARED_SELECTOR = YES;
				GCC_WARN_UNINITIALIZED_AUTOS = YES_AGGRESSIVE;
				GCC_WARN_UNUSED_FUNCTION = YES;
				GCC_WARN_UNUSED_VARIABLE = YES;
				MACOSX_DEPLOYMENT_TARGET = 10.11;
				MTL_ENABLE_DEBUG_INFO = YES;
				ONLY_ACTIVE_ARCH = YES;
				SDKROOT = macosx;
			};
			name = Debug;
		};
		05F949121CFD8EA100DA8C58 /* Release */ = {
			isa = XCBuildConfiguration;
			buildSettings = {
				ALWAYS_SEARCH_USER_PATHS = NO;
				CLANG_ANALYZER_NONNULL = YES;
				CLANG_CXX_LANGUAGE_STANDARD = "gnu++0x";
				CLANG_CXX_LIBRARY = "libc++";
				CLANG_ENABLE_MODULES = YES;
				CLANG_ENABLE_OBJC_ARC = YES;
				CLANG_WARN_BOOL_CONVERSION = YES;
				CLANG_WARN_CONSTANT_CONVERSION = YES;
				CLANG_WARN_DIRECT_OBJC_ISA_USAGE = YES_ERROR;
				CLANG_WARN_EMPTY_BODY = YES;
				CLANG_WARN_ENUM_CONVERSION = YES;
				CLANG_WARN_INT_CONVERSION = YES;
				CLANG_WARN_OBJC_ROOT_CLASS = YES_ERROR;
				CLANG_WARN_UNREACHABLE_CODE = YES;
				CLANG_WARN__DUPLICATE_METHOD_MATCH = YES;
				CODE_SIGN_IDENTITY = "-";
				COPY_PHASE_STRIP = NO;
				DEBUG_INFORMATION_FORMAT = "dwarf-with-dsym";
				ENABLE_NS_ASSERTIONS = NO;
				ENABLE_STRICT_OBJC_MSGSEND = YES;
				GCC_C_LANGUAGE_STANDARD = gnu99;
				GCC_NO_COMMON_BLOCKS = YES;
				GCC_WARN_64_TO_32_BIT_CONVERSION = YES;
				GCC_WARN_ABOUT_RETURN_TYPE = YES_ERROR;
				GCC_WARN_UNDECLARED_SELECTOR = YES;
				GCC_WARN_UNINITIALIZED_AUTOS = YES_AGGRESSIVE;
				GCC_WARN_UNUSED_FUNCTION = YES;
				GCC_WARN_UNUSED_VARIABLE = YES;
				MACOSX_DEPLOYMENT_TARGET = 10.11;
				MTL_ENABLE_DEBUG_INFO = NO;
				SDKROOT = macosx;
			};
			name = Release;
		};
		05F949141CFD8EA100DA8C58 /* Debug */ = {
			isa = XCBuildConfiguration;
			buildSettings = {
				PRODUCT_NAME = "$(TARGET_NAME)";
			};
			name = Debug;
		};
		05F949151CFD8EA100DA8C58 /* Release */ = {
			isa = XCBuildConfiguration;
			buildSettings = {
				PRODUCT_NAME = "$(TARGET_NAME)";
			};
			name = Release;
		};
/* End XCBuildConfiguration section */

/* Begin XCConfigurationList section */
		05F949071CFD8EA000DA8C58 /* Build configuration list for PBXProject "LL" */ = {
			isa = XCConfigurationList;
			buildConfigurations = (
				05F949111CFD8EA100DA8C58 /* Debug */,
				05F949121CFD8EA100DA8C58 /* Release */,
			);
			defaultConfigurationIsVisible = 0;
			defaultConfigurationName = Release;
		};
		05F949131CFD8EA100DA8C58 /* Build configuration list for PBXNativeTarget "LL" */ = {
			isa = XCConfigurationList;
			buildConfigurations = (
				05F949141CFD8EA100DA8C58 /* Debug */,
				05F949151CFD8EA100DA8C58 /* Release */,
			);
			defaultConfigurationIsVisible = 0;
			defaultConfigurationName = Release;
		};
/* End XCConfigurationList section */
	};
	rootObject = 05F949041CFD8EA000DA8C58 /* Project object */;
}
